
Microsoft Visual Studio Solution File, Format Version 12.00
# Visual Studio Version 17
VisualStudioVersion = 17.7.34202.233
MinimumVisualStudioVersion = 10.0.40219.1
Project("{FAE04EC0-301F-11D3-BF4B-00C04F79EFBC}") = "SUMVM", "SUMVM\SUMVM.csproj", "{CC7AA47B-EF27-4F9C-9CBB-58AD5E5DD5A5}"
EndProject
Global
	GlobalSection(SolutionConfigurationPlatforms) = preSolution
		Debug|Any CPU = Debug|Any CPU
		Release|Any CPU = Release|Any CPU
	EndGlobalSection
	GlobalSection(ProjectConfigurationPlatforms) = postSolution
		{CC7AA47B-EF27-4F9C-9CBB-58AD5E5DD5A5}.Debug|Any CPU.ActiveCfg = Debug|Any CPU
		{CC7AA47B-EF27-4F9C-9CBB-58AD5E5DD5A5}.Debug|Any CPU.Build.0 = Debug|Any CPU
		{CC7AA47B-EF27-4F9C-9CBB-58AD5E5DD5A5}.Release|Any CPU.ActiveCfg = Release|Any CPU
		{CC7AA47B-EF27-4F9C-9CBB-58AD5E5DD5A5}.Release|Any CPU.Build.0 = Release|Any CPU
	EndGlobalSection
	GlobalSection(SolutionProperties) = preSolution
		HideSolutionNode = FALSE
	EndGlobalSection
	GlobalSection(ExtensibilityGlobals) = postSolution
		SolutionGuid = {F8D79E5B-EC07-44D9-AA88-CA66E6F7E4DF}
	EndGlobalSection
EndGlobal
